
Microsoft Visual Studio Solution File, Format Version 12.00
# Visual Studio Version 16
VisualStudioVersion = 16.0.30711.63
MinimumVisualStudioVersion = 10.0.40219.1
Project("{FAE04EC0-301F-11D3-BF4B-00C04F79EFBC}") = "EasyFarm", "EasyFarm\EasyFarm.csproj", "{2437A6AF-1395-41BC-A4E1-D873E8DB3B7B}"
EndProject
Global
	GlobalSection(SolutionConfigurationPlatforms) = preSolution
		Debug|Any CPU = Debug|Any CPU
		Release|Any CPU = Release|Any CPU
	EndGlobalSection
	GlobalSection(ProjectConfigurationPlatforms) = postSolution
		{2437A6AF-1395-41BC-A4E1-D873E8DB3B7B}.Debug|Any CPU.ActiveCfg = Debug|Any CPU
		{2437A6AF-1395-41BC-A4E1-D873E8DB3B7B}.Debug|Any CPU.Build.0 = Debug|Any CPU
		{2437A6AF-1395-41BC-A4E1-D873E8DB3B7B}.Release|Any CPU.ActiveCfg = Release|Any CPU
		{2437A6AF-1395-41BC-A4E1-D873E8DB3B7B}.Release|Any CPU.Build.0 = Release|Any CPU
	EndGlobalSection
	GlobalSection(SolutionProperties) = preSolution
		HideSolutionNode = FALSE
	EndGlobalSection
	GlobalSection(ExtensibilityGlobals) = postSolution
		SolutionGuid = {1924D196-0550-4821-B624-ED1A465A8B8E}
	EndGlobalSection
EndGlobal
